PODS:
  - Alamofire (5.8.0)
  - AlamofireImage (4.3.0):
    - Alamofire (~> 5.8)

DEPENDENCIES:
  - Alamofire
  - AlamofireImage

SPEC REPOS:
  trunk:
    - Alamofire
    - AlamofireImage

SPEC CHECKSUMS:
  Alamofire: 0e92e751b3e9e66d7982db43919d01f313b8eb91
  AlamofireImage: 843953fa97bee5f561cf05d83abd759e590b068d

PODFILE CHECKSUM: d500f0e04ec27b8051b740cdd10862d47eab02ef

COCOAPODS: 1.13.0
